// !$*UTF8*$!
{
	archiveVersion = 1;
	classes = {
	};
	objectVersion = 51;
	objects = {

/* Begin PBXBuildFile section */
		0C666FFE25057241005EB88C /* productListTableViewCell.swift in Sources */ = {isa = PBXBuildFile; fileRef = 0C666FFD25057241005EB88C /* productListTableViewCell.swift */; };
		0C66700025057840005EB88C /* detailViewController.swift in Sources */ = {isa = PBXBuildFile; fileRef = 0C666FFF25057840005EB88C /* detailViewController.swift */; };
		0C66700225058EE8005EB88C /* addProductViewController.swift in Sources */ = {isa = PBXBuildFile; fileRef = 0C66700125058EE8005EB88C /* addProductViewController.swift */; };
		0C9CC360250445FB00C52226 /* AppDelegate.swift in Sources */ = {isa = PBXBuildFile; fileRef = 0C9CC35F250445FB00C52226 /* AppDelegate.swift */; };
		0C9CC362250445FB00C52226 /* SceneDelegate.swift in Sources */ = {isa = PBXBuildFile; fileRef = 0C9CC361250445FB00C52226 /* SceneDelegate.swift */; };
		0C9CC364250445FB00C52226 /* productListViewController.swift in Sources */ = {isa = PBXBuildFile; fileRef = 0C9CC363250445FB00C52226 /* productListViewController.swift */; };
		0C9CC367250445FB00C52226 /* Main.storyboard in Resources */ = {isa = PBXBuildFile; fileRef = 0C9CC365250445FB00C52226 /* Main.storyboard */; };
		0C9CC369250445FC00C52226 /* Assets.xcassets in Resources */ = {isa = PBXBuildFile; fileRef = 0C9CC368250445FC00C52226 /* Assets.xcassets */; };
		0C9CC36C250445FC00C52226 /* LaunchScreen.storyboard in Resources */ = {isa = PBXBuildFile; fileRef = 0C9CC36A250445FC00C52226 /* LaunchScreen.storyboard */; };
		0C9CC37425044C1700C52226 /* GoogleService-Info.plist in Resources */ = {isa = PBXBuildFile; fileRef = 0C9CC37325044C1700C52226 /* GoogleService-Info.plist */; };
		0CE37EC42505BF9A00562820 /* checkInViewController.swift in Sources */ = {isa = PBXBuildFile; fileRef = 0CE37EC32505BF9A00562820 /* checkInViewController.swift */; };
		EE8F0B5F7442CF05964C273B /* Pods_lmnc_prod_tracker.framework in Frameworks */ = {isa = PBXBuildFile; fileRef = 9FEBD12910E24CB4329DAF1E /* Pods_lmnc_prod_tracker.framework */; };
/* End PBXBuildFile section */

/* Begin PBXFileReference section */
		0C666FFD25057241005EB88C /* productListTableViewCell.swift */ = {isa = PBXFileReference; lastKnownFileType = sourcecode.swift; path = productListTableViewCell.swift; sourceTree = "<group>"; };
		0C666FFF25057840005EB88C /* detailViewController.swift */ = {isa = PBXFileReference; lastKnownFileType = sourcecode.swift; path = detailViewController.swift; sourceTree = "<group>"; };
		0C66700125058EE8005EB88C /* addProductViewController.swift */ = {isa = PBXFileReference; lastKnownFileType = sourcecode.swift; path = addProductViewController.swift; sourceTree = "<group>"; };
		0C9CC35C250445FB00C52226 /* lmnc_prod_tracker.app */ = {isa = PBXFileReference; explicitFileType = wrapper.application; includeInIndex = 0; path = lmnc_prod_tracker.app; sourceTree = BUILT_PRODUCTS_DIR; };
		0C9CC35F250445FB00C52226 /* AppDelegate.swift */ = {isa = PBXFileReference; lastKnownFileType = sourcecode.swift; path = AppDelegate.swift; sourceTree = "<group>"; };
		0C9CC361250445FB00C52226 /* SceneDelegate.swift */ = {isa = PBXFileReference; lastKnownFileType = sourcecode.swift; path = SceneDelegate.swift; sourceTree = "<group>"; };
		0C9CC363250445FB00C52226 /* productListViewController.swift */ = {isa = PBXFileReference; lastKnownFileType = sourcecode.swift; path = productListViewController.swift; sourceTree = "<group>"; };
		0C9CC366250445FB00C52226 /* Base */ = {isa = PBXFileReference; lastKnownFileType = file.storyboard; name = Base; path = Base.lproj/Main.storyboard; sourceTree = "<group>"; };
		0C9CC368250445FC00C52226 /* Assets.xcassets */ = {isa = PBXFileReference; lastKnownFileType = folder.assetcatalog; path = Assets.xcassets; sourceTree = "<group>"; };
		0C9CC36B250445FC00C52226 /* Base */ = {isa = PBXFileReference; lastKnownFileType = file.storyboard; name = Base; path = Base.lproj/LaunchScreen.storyboard; sourceTree = "<group>"; };
		0C9CC36D250445FC00C52226 /* Info.plist */ = {isa = PBXFileReference; lastKnownFileType = text.plist.xml; path = Info.plist; sourceTree = "<group>"; };
		0C9CC37325044C1700C52226 /* GoogleService-Info.plist */ = {isa = PBXFileReference; fileEncoding = 4; lastKnownFileType = text.plist.xml; path = "GoogleService-Info.plist"; sourceTree = "<group>"; };
		0CE37EC32505BF9A00562820 /* checkInViewController.swift */ = {isa = PBXFileReference; lastKnownFileType = sourcecode.swift; path = checkInViewController.swift; sourceTree = "<group>"; };
		3CE59ACD39EB183E7205DA27 /* Pods-lmnc_prod_tracker.debug.xcconfig */ = {isa = PBXFileReference; includeInIndex = 1; lastKnownFileType = text.xcconfig; name = "Pods-lmnc_prod_tracker.debug.xcconfig"; path = "Target Support Files/Pods-lmnc_prod_tracker/Pods-lmnc_prod_tracker.debug.xcconfig"; sourceTree = "<group>"; };
		9FEBD12910E24CB4329DAF1E /* Pods_lmnc_prod_tracker.framework */ = {isa = PBXFileReference; explicitFileType = wrapper.framework; includeInIndex = 0; path = Pods_lmnc_prod_tracker.framework; sourceTree = BUILT_PRODUCTS_DIR; };
		D652C8CA2C39D5A68FC79891 /* Pods-lmnc_prod_tracker.release.xcconfig */ = {isa = PBXFileReference; includeInIndex = 1; lastKnownFileType = text.xcconfig; name = "Pods-lmnc_prod_tracker.release.xcconfig"; path = "Target Support Files/Pods-lmnc_prod_tracker/Pods-lmnc_prod_tracker.release.xcconfig"; sourceTree = "<group>"; };
/* End PBXFileReference section */

/* Begin PBXFrameworksBuildPhase section */
		0C9CC359250445FB00C52226 /* Frameworks */ = {
			isa = PBXFrameworksBuildPhase;
			buildActionMask = 2147483647;
			files = (
				EE8F0B5F7442CF05964C273B /* Pods_lmnc_prod_tracker.framework in Frameworks */,
			);
			runOnlyForDeploymentPostprocessing = 0;
		};
/* End PBXFrameworksBuildPhase section */

/* Begin PBXGroup section */
		0C9CC353250445FB00C52226 = {
			isa = PBXGroup;
			children = (
				0C9CC35E250445FB00C52226 /* lmnc_prod_tracker */,
				0C9CC35D250445FB00C52226 /* Products */,
				16B7D1C23906921343987831 /* Pods */,
				8E43707B698AD71B6B9BE9BE /* Frameworks */,
			);
			sourceTree = "<group>";
		};
		0C9CC35D250445FB00C52226 /* Products */ = {
			isa = PBXGroup;
			children = (
				0C9CC35C250445FB00C52226 /* lmnc_prod_tracker.app */,
			);
			name = Products;
			sourceTree = "<group>";
		};
		0C9CC35E250445FB00C52226 /* lmnc_prod_tracker */ = {
			isa = PBXGroup;
			children = (
				0C9CC35F250445FB00C52226 /* AppDelegate.swift */,
				0C9CC361250445FB00C52226 /* SceneDelegate.swift */,
				0C9CC363250445FB00C52226 /* productListViewController.swift */,
				0CE37EC32505BF9A00562820 /* checkInViewController.swift */,
				0C666FFF25057840005EB88C /* detailViewController.swift */,
				0C66700125058EE8005EB88C /* addProductViewController.swift */,
				0C666FFD25057241005EB88C /* productListTableViewCell.swift */,
				0C9CC37325044C1700C52226 /* GoogleService-Info.plist */,
				0C9CC365250445FB00C52226 /* Main.storyboard */,
				0C9CC368250445FC00C52226 /* Assets.xcassets */,
				0C9CC36A250445FC00C52226 /* LaunchScreen.storyboard */,
				0C9CC36D250445FC00C52226 /* Info.plist */,
			);
			path = lmnc_prod_tracker;
			sourceTree = "<group>";
		};
		16B7D1C23906921343987831 /* Pods */ = {
			isa = PBXGroup;
			children = (
				3CE59ACD39EB183E7205DA27 /* Pods-lmnc_prod_tracker.debug.xcconfig */,
				D652C8CA2C39D5A68FC79891 /* Pods-lmnc_prod_tracker.release.xcconfig */,
			);
			path = Pods;
			sourceTree = "<group>";
		};
		8E43707B698AD71B6B9BE9BE /* Frameworks */ = {
			isa = PBXGroup;
			children = (
				9FEBD12910E24CB4329DAF1E /* Pods_lmnc_prod_tracker.framework */,
			);
			name = Frameworks;
			sourceTree = "<group>";
		};
/* End PBXGroup section */

/* Begin PBXNativeTarget section */
		0C9CC35B250445FB00C52226 /* lmnc_prod_tracker */ = {
			isa = PBXNativeTarget;
			buildConfigurationList = 0C9CC370250445FC00C52226 /* Build configuration list for PBXNativeTarget "lmnc_prod_tracker" */;
			buildPhases = (
				292CD5CD3618F41FBC51063F /* [CP] Check Pods Manifest.lock */,
				0C9CC358250445FB00C52226 /* Sources */,
				0C9CC359250445FB00C52226 /* Frameworks */,
				0C9CC35A250445FB00C52226 /* Resources */,
				7F03A052CFDBC72E37A164E6 /* [CP] Embed Pods Frameworks */,
			);
			buildRules = (
			);
			dependencies = (
			);
			name = lmnc_prod_tracker;
			productName = lmnc_prod_tracker;
			productReference = 0C9CC35C250445FB00C52226 /* lmnc_prod_tracker.app */;
			productType = "com.apple.product-type.application";
		};
/* End PBXNativeTarget section */

/* Begin PBXProject section */
		0C9CC354250445FB00C52226 /* Project object */ = {
			isa = PBXProject;
			attributes = {
				LastSwiftUpdateCheck = 1160;
				LastUpgradeCheck = 1160;
				ORGANIZATIONNAME = "Ryan Gutierrez";
				TargetAttributes = {
					0C9CC35B250445FB00C52226 = {
						CreatedOnToolsVersion = 11.6;
					};
				};
			};
			buildConfigurationList = 0C9CC357250445FB00C52226 /* Build configuration list for PBXProject "lmnc_prod_tracker" */;
			compatibilityVersion = "Xcode 9.3";
			developmentRegion = en;
			hasScannedForEncodings = 0;
			knownRegions = (
				en,
				Base,
			);
			mainGroup = 0C9CC353250445FB00C52226;
			productRefGroup = 0C9CC35D250445FB00C52226 /* Products */;
			projectDirPath = "";
			projectRoot = "";
			targets = (
				0C9CC35B250445FB00C52226 /* lmnc_prod_tracker */,
			);
		};
/* End PBXProject section */

/* Begin PBXResourcesBuildPhase section */
		0C9CC35A250445FB00C52226 /* Resources */ = {
			isa = PBXResourcesBuildPhase;
			buildActionMask = 2147483647;
			files = (
				0C9CC36C250445FC00C52226 /* LaunchScreen.storyboard in Resources */,
				0C9CC37425044C1700C52226 /* GoogleService-Info.plist in Resources */,
				0C9CC369250445FC00C52226 /* Assets.xcassets in Resources */,
				0C9CC367250445FB00C52226 /* Main.storyboard in Resources */,
			);
			runOnlyForDeploymentPostprocessing = 0;
		};
/* End PBXResourcesBuildPhase section */

/* Begin PBXShellScriptBuildPhase section */
		292CD5CD3618F41FBC51063F /* [CP] Check Pods Manifest.lock */ = {
			isa = PBXShellScriptBuildPhase;
			buildActionMask = 2147483647;
			files = (
			);
			inputFileListPaths = (
			);
			inputPaths = (
				"${PODS_PODFILE_DIR_PATH}/Podfile.lock",
				"${PODS_ROOT}/Manifest.lock",
			);
			name = "[CP] Check Pods Manifest.lock";
			outputFileListPaths = (
			);
			outputPaths = (
				"$(DERIVED_FILE_DIR)/Pods-lmnc_prod_tracker-checkManifestLockResult.txt",
			);
			runOnlyForDeploymentPostprocessing = 0;
			shellPath = /bin/sh;
			shellScript = "diff \"${PODS_PODFILE_DIR_PATH}/Podfile.lock\" \"${PODS_ROOT}/Manifest.lock\" > /dev/null\nif [ $? != 0 ] ; then\n    # print error to STDERR\n    echo \"error: The sandbox is not in sync with the Podfile.lock. Run 'pod install' or update your CocoaPods installation.\" >&2\n    exit 1\nfi\n# This output is used by Xcode 'outputs' to avoid re-running this script phase.\necho \"SUCCESS\" > \"${SCRIPT_OUTPUT_FILE_0}\"\n";
			showEnvVarsInLog = 0;
		};
		7F03A052CFDBC72E37A164E6 /* [CP] Embed Pods Frameworks */ = {
			isa = PBXShellScriptBuildPhase;
			buildActionMask = 2147483647;
			files = (
			);
			inputFileListPaths = (
				"${PODS_ROOT}/Target Support Files/Pods-lmnc_prod_tracker/Pods-lmnc_prod_tracker-frameworks-${CONFIGURATION}-input-files.xcfilelist",
			);
			name = "[CP] Embed Pods Frameworks";
			outputFileListPaths = (
				"${PODS_ROOT}/Target Support Files/Pods-lmnc_prod_tracker/Pods-lmnc_prod_tracker-frameworks-${CONFIGURATION}-output-files.xcfilelist",
			);
			runOnlyForDeploymentPostprocessing = 0;
			shellPath = /bin/sh;
			shellScript = "\"${PODS_ROOT}/Target Support Files/Pods-lmnc_prod_tracker/Pods-lmnc_prod_tracker-frameworks.sh\"\n";
			showEnvVarsInLog = 0;
		};
/* End PBXShellScriptBuildPhase section */

/* Begin PBXSourcesBuildPhase section */
		0C9CC358250445FB00C52226 /* Sources */ = {
			isa = PBXSourcesBuildPhase;
			buildActionMask = 2147483647;
			files = (
				0C9CC364250445FB00C52226 /* productListViewController.swift in Sources */,
				0C666FFE25057241005EB88C /* productListTableViewCell.swift in Sources */,
				0C9CC360250445FB00C52226 /* AppDelegate.swift in Sources */,
				0C66700025057840005EB88C /* detailViewController.swift in Sources */,
				0C66700225058EE8005EB88C /* addProductViewController.swift in Sources */,
				0C9CC362250445FB00C52226 /* SceneDelegate.swift in Sources */,
				0CE37EC42505BF9A00562820 /* checkInViewController.swift in Sources */,
			);
			runOnlyForDeploymentPostprocessing = 0;
		};
/* End PBXSourcesBuildPhase section */

/* Begin PBXVariantGroup section */
		0C9CC365250445FB00C52226 /* Main.storyboard */ = {
			isa = PBXVariantGroup;
			children = (
				0C9CC366250445FB00C52226 /* Base */,
			);
			name = Main.storyboard;
			sourceTree = "<group>";
		};
		0C9CC36A250445FC00C52226 /* LaunchScreen.storyboard */ = {
			isa = PBXVariantGroup;
			children = (
				0C9CC36B250445FC00C52226 /* Base */,
			);
			name = LaunchScreen.storyboard;
			sourceTree = "<group>";
		};
/* End PBXVariantGroup section */

/* Begin XCBuildConfiguration section */
		0C9CC36E250445FC00C52226 /* Debug */ = {
			isa = XCBuildConfiguration;
			buildSettings = {
				ALWAYS_SEARCH_USER_PATHS = NO;
				CLANG_ANALYZER_NONNULL = YES;
				CLANG_ANALYZER_NUMBER_OBJECT_CONVERSION = YES_AGGRESSIVE;
				CLANG_CXX_LANGUAGE_STANDARD = "gnu++14";
				CLANG_CXX_LIBRARY = "libc++";
				CLANG_ENABLE_MODULES = YES;
				CLANG_ENABLE_OBJC_ARC = YES;
				CLANG_ENABLE_OBJC_WEAK = YES;
				CLANG_WARN_BLOCK_CAPTURE_AUTORELEASING = YES;
				CLANG_WARN_BOOL_CONVERSION = YES;
				CLANG_WARN_COMMA = YES;
				CLANG_WARN_CONSTANT_CONVERSION = YES;
				CLANG_WARN_DEPRECATED_OBJC_IMPLEMENTATIONS = YES;
				CLANG_WARN_DIRECT_OBJC_ISA_USAGE = YES_ERROR;
				CLANG_WARN_DOCUMENTATION_COMMENTS = YES;
				CLANG_WARN_EMPTY_BODY = YES;
				CLANG_WARN_ENUM_CONVERSION = YES;
				CLANG_WARN_INFINITE_RECURSION = YES;
				CLANG_WARN_INT_CONVERSION = YES;
				CLANG_WARN_NON_LITERAL_NULL_CONVERSION = YES;
				CLANG_WARN_OBJC_IMPLICIT_RETAIN_SELF = YES;
				CLANG_WARN_OBJC_LITERAL_CONVERSION = YES;
				CLANG_WARN_OBJC_ROOT_CLASS = YES_ERROR;
				CLANG_WARN_RANGE_LOOP_ANALYSIS = YES;
				CLANG_WARN_STRICT_PROTOTYPES = YES;
				CLANG_WARN_SUSPICIOUS_MOVE = YES;
				CLANG_WARN_UNGUARDED_AVAILABILITY = YES_AGGRESSIVE;
				CLANG_WARN_UNREACHABLE_CODE = YES;
				CLANG_WARN__DUPLICATE_METHOD_MATCH = YES;
				COPY_PHASE_STRIP = NO;
				DEBUG_INFORMATION_FORMAT = dwarf;
				ENABLE_STRICT_OBJC_MSGSEND = YES;
				ENABLE_TESTABILITY = YES;
				GCC_C_LANGUAGE_STANDARD = gnu11;
				GCC_DYNAMIC_NO_PIC = NO;
				GCC_NO_COMMON_BLOCKS = YES;
				GCC_OPTIMIZATION_LEVEL = 0;
				GCC_PREPROCESSOR_DEFINITIONS = (
					"DEBUG=1",
					"$(inherited)",
				);
				GCC_WARN_64_TO_32_BIT_CONVERSION = YES;
				GCC_WARN_ABOUT_RETURN_TYPE = YES_ERROR;
				GCC_WARN_UNDECLARED_SELECTOR = YES;
				GCC_WARN_UNINITIALIZED_AUTOS = YES_AGGRESSIVE;
				GCC_WARN_UNUSED_FUNCTION = YES;
				GCC_WARN_UNUSED_VARIABLE = YES;
				IPHONEOS_DEPLOYMENT_TARGET = 13.6;
				MTL_ENABLE_DEBUG_INFO = INCLUDE_SOURCE;
				MTL_FAST_MATH = YES;
				ONLY_ACTIVE_ARCH = YES;
				SDKROOT = iphoneos;
				SWIFT_ACTIVE_COMPILATION_CONDITIONS = DEBUG;
				SWIFT_OPTIMIZATION_LEVEL = "-Onone";
			};
			name = Debug;
		};
		0C9CC36F250445FC00C52226 /* Release */ = {
			isa = XCBuildConfiguration;
			buildSettings = {
				ALWAYS_SEARCH_USER_PATHS = NO;
				CLANG_ANALYZER_NONNULL = YES;
				CLANG_ANALYZER_NUMBER_OBJECT_CONVERSION = YES_AGGRESSIVE;
				CLANG_CXX_LANGUAGE_STANDARD = "gnu++14";
				CLANG_CXX_LIBRARY = "libc++";
				CLANG_ENABLE_MODULES = YES;
				CLANG_ENABLE_OBJC_ARC = YES;
				CLANG_ENABLE_OBJC_WEAK = YES;
				CLANG_WARN_BLOCK_CAPTURE_AUTORELEASING = YES;
				CLANG_WARN_BOOL_CONVERSION = YES;
				CLANG_WARN_COMMA = YES;
				CLANG_WARN_CONSTANT_CONVERSION = YES;
				CLANG_WARN_DEPRECATED_OBJC_IMPLEMENTATIONS = YES;
				CLANG_WARN_DIRECT_OBJC_ISA_USAGE = YES_ERROR;
				CLANG_WARN_DOCUMENTATION_COMMENTS = YES;
				CLANG_WARN_EMPTY_BODY = YES;
				CLANG_WARN_ENUM_CONVERSION = YES;
				CLANG_WARN_INFINITE_RECURSION = YES;
				CLANG_WARN_INT_CONVERSION = YES;
				CLANG_WARN_NON_LITERAL_NULL_CONVERSION = YES;
				CLANG_WARN_OBJC_IMPLICIT_RETAIN_SELF = YES;
				CLANG_WARN_OBJC_LITERAL_CONVERSION = YES;
				CLANG_WARN_OBJC_ROOT_CLASS = YES_ERROR;
				CLANG_WARN_RANGE_LOOP_ANALYSIS = YES;
				CLANG_WARN_STRICT_PROTOTYPES = YES;
				CLANG_WARN_SUSPICIOUS_MOVE = YES;
				CLANG_WARN_UNGUARDED_AVAILABILITY = YES_AGGRESSIVE;
				CLANG_WARN_UNREACHABLE_CODE = YES;
				CLANG_WARN__DUPLICATE_METHOD_MATCH = YES;
				COPY_PHASE_STRIP = NO;
				DEBUG_INFORMATION_FORMAT = "dwarf-with-dsym";
				ENABLE_NS_ASSERTIONS = NO;
				ENABLE_STRICT_OBJC_MSGSEND = YES;
				GCC_C_LANGUAGE_STANDARD = gnu11;
				GCC_NO_COMMON_BLOCKS = YES;
				GCC_WARN_64_TO_32_BIT_CONVERSION = YES;
				GCC_WARN_ABOUT_RETURN_TYPE = YES_ERROR;
				GCC_WARN_UNDECLARED_SELECTOR = YES;
				GCC_WARN_UNINITIALIZED_AUTOS = YES_AGGRESSIVE;
				GCC_WARN_UNUSED_FUNCTION = YES;
				GCC_WARN_UNUSED_VARIABLE = YES;
				IPHONEOS_DEPLOYMENT_TARGET = 13.6;
				MTL_ENABLE_DEBUG_INFO = NO;
				MTL_FAST_MATH = YES;
				SDKROOT = iphoneos;
				SWIFT_COMPILATION_MODE = wholemodule;
				SWIFT_OPTIMIZATION_LEVEL = "-O";
				VALIDATE_PRODUCT = YES;
			};
			name = Release;
		};
		0C9CC371250445FC00C52226 /* Debug */ = {
			isa = XCBuildConfiguration;
			baseConfigurationReference = 3CE59ACD39EB183E7205DA27 /* Pods-lmnc_prod_tracker.debug.xcconfig */;
			buildSettings = {
				ASSETCATALOG_COMPILER_APPICON_NAME = AppIcon;
				CODE_SIGN_STYLE = Automatic;
				INFOPLIST_FILE = lmnc_prod_tracker/Info.plist;
				LD_RUNPATH_SEARCH_PATHS = (
					"$(inherited)",
					"@executable_path/Frameworks",
				);
				PRODUCT_BUNDLE_IDENTIFIER = "com.example.lmnc-prod-tracker";
				PRODUCT_NAME = "$(TARGET_NAME)";
				SWIFT_VERSION = 5.0;
				TARGETED_DEVICE_FAMILY = "1,2";
			};
			name = Debug;
		};
		0C9CC372250445FC00C52226 /* Release */ = {
			isa = XCBuildConfiguration;
			baseConfigurationReference = D652C8CA2C39D5A68FC79891 /* Pods-lmnc_prod_tracker.release.xcconfig */;
			buildSettings = {
				ASSETCATALOG_COMPILER_APPICON_NAME = AppIcon;
				CODE_SIGN_STYLE = Automatic;
				INFOPLIST_FILE = lmnc_prod_tracker/Info.plist;
				LD_RUNPATH_SEARCH_PATHS = (
					"$(inherited)",
					"@executable_path/Frameworks",
				);
				PRODUCT_BUNDLE_IDENTIFIER = "com.example.lmnc-prod-tracker";
				PRODUCT_NAME = "$(TARGET_NAME)";
				SWIFT_VERSION = 5.0;
				TARGETED_DEVICE_FAMILY = "1,2";
			};
			name = Release;
		};
/* End XCBuildConfiguration section */

/* Begin XCConfigurationList section */
		0C9CC357250445FB00C52226 /* Build configuration list for PBXProject "lmnc_prod_tracker" */ = {
			isa = XCConfigurationList;
			buildConfigurations = (
				0C9CC36E250445FC00C52226 /* Debug */,
				0C9CC36F250445FC00C52226 /* Release */,
			);
			defaultConfigurationIsVisible = 0;
			defaultConfigurationName = Release;
		};
		0C9CC370250445FC00C52226 /* Build configuration list for PBXNativeTarget "lmnc_prod_tracker" */ = {
			isa = XCConfigurationList;
			buildConfigurations = (
				0C9CC371250445FC00C52226 /* Debug */,
				0C9CC372250445FC00C52226 /* Release */,
			);
			defaultConfigurationIsVisible = 0;
			defaultConfigurationName = Release;
		};
/* End XCConfigurationList section */
	};
	rootObject = 0C9CC354250445FB00C52226 /* Project object */;
}
